
Microsoft Visual Studio Solution File, Format Version 12.00
# Visual Studio Version 17
VisualStudioVersion = 17.4.33205.214
MinimumVisualStudioVersion = 10.0.40219.1
Project("{9A19103F-16F7-4668-BE54-9A1E7A4F7556}") = "BulkyBookWeb", "BulkyBookWeb.csproj", "{C1038B78-7007-410A-99CF-149D826A1F52}"
EndProject
Project("{FAE04EC0-301F-11D3-BF4B-00C04F79EFBC}") = "BulkyBook.DataAccess", "..\BulkyBook.DataAccess\BulkyBook.DataAccess.csproj", "{F8A3A214-72DB-4580-8D81-4FD892B9B8E6}"
EndProject
Project("{FAE04EC0-301F-11D3-BF4B-00C04F79EFBC}") = "BulkyBook.Models", "..\BulkyBook.Models\BulkyBook.Models.csproj", "{82BA54F2-7497-46C8-A99B-0E334B8A25C1}"
EndProject
Project("{FAE04EC0-301F-11D3-BF4B-00C04F79EFBC}") = "BulkyBook.Utility", "..\BulkyBook.Utility\BulkyBook.Utility.csproj", "{C872E720-F0CE-455F-97E7-7E41D7971F25}"
EndProject
Global
	GlobalSection(SolutionConfigurationPlatforms) = preSolution
		Debug|Any CPU = Debug|Any CPU
		Release|Any CPU = Release|Any CPU
	EndGlobalSection
	GlobalSection(ProjectConfigurationPlatforms) = postSolution
		{C1038B78-7007-410A-99CF-149D826A1F52}.Debug|Any CPU.ActiveCfg = Debug|Any CPU
		{C1038B78-7007-410A-99CF-149D826A1F52}.Debug|Any CPU.Build.0 = Debug|Any CPU
		{C1038B78-7007-410A-99CF-149D826A1F52}.Release|Any CPU.ActiveCfg = Release|Any CPU
		{C1038B78-7007-410A-99CF-149D826A1F52}.Release|Any CPU.Build.0 = Release|Any CPU
		{F8A3A214-72DB-4580-8D81-4FD892B9B8E6}.Debug|Any CPU.ActiveCfg = Debug|Any CPU
		{F8A3A214-72DB-4580-8D81-4FD892B9B8E6}.Debug|Any CPU.Build.0 = Debug|Any CPU
		{F8A3A214-72DB-4580-8D81-4FD892B9B8E6}.Release|Any CPU.ActiveCfg = Release|Any CPU
		{F8A3A214-72DB-4580-8D81-4FD892B9B8E6}.Release|Any CPU.Build.0 = Release|Any CPU
		{82BA54F2-7497-46C8-A99B-0E334B8A25C1}.Debug|Any CPU.ActiveCfg = Debug|Any CPU
		{82BA54F2-7497-46C8-A99B-0E334B8A25C1}.Debug|Any CPU.Build.0 = Debug|Any CPU
		{82BA54F2-7497-46C8-A99B-0E334B8A25C1}.Release|Any CPU.ActiveCfg = Release|Any CPU
		{82BA54F2-7497-46C8-A99B-0E334B8A25C1}.Release|Any CPU.Build.0 = Release|Any CPU
		{C872E720-F0CE-455F-97E7-7E41D7971F25}.Debug|Any CPU.ActiveCfg = Debug|Any CPU
		{C872E720-F0CE-455F-97E7-7E41D7971F25}.Debug|Any CPU.Build.0 = Debug|Any CPU
		{C872E720-F0CE-455F-97E7-7E41D7971F25}.Release|Any CPU.ActiveCfg = Release|Any CPU
		{C872E720-F0CE-455F-97E7-7E41D7971F25}.Release|Any CPU.Build.0 = Release|Any CPU
	EndGlobalSection
	GlobalSection(SolutionProperties) = preSolution
		HideSolutionNode = FALSE
	EndGlobalSection
	GlobalSection(ExtensibilityGlobals) = postSolution
		SolutionGuid = {868377D5-D82E-4ADF-889B-2D62107D7D74}
	EndGlobalSection
EndGlobal
